
Microsoft Visual Studio Solution File, Format Version 12.00
# Visual Studio 15
VisualStudioVersion = 15.0.28307.539
MinimumVisualStudioVersion = 10.0.40219.1
Project("{FAE04EC0-301F-11D3-BF4B-00C04F79EFBC}") = "CLI", "CLI\CLI.csproj", "{8C0E564C-703C-405B-955E-F60E76412207}"
EndProject
Project("{FAE04EC0-301F-11D3-BF4B-00C04F79EFBC}") = "Interpreter", "Interpreter\Interpreter.csproj", "{6DF34823-5B64-4A89-82C5-1B7179DCD028}"
EndProject
Project("{FAE04EC0-301F-11D3-BF4B-00C04F79EFBC}") = "Translator", "Translator\Translator.csproj", "{3F0404C3-5C5A-4206-8BD6-0C5C7FC874F3}"
EndProject
Global
	GlobalSection(SolutionConfigurationPlatforms) = preSolution
		Debug|Any CPU = Debug|Any CPU
		Release|Any CPU = Release|Any CPU
	EndGlobalSection
	GlobalSection(ProjectConfigurationPlatforms) = postSolution
		{8C0E564C-703C-405B-955E-F60E76412207}.Debug|Any CPU.ActiveCfg = Debug|Any CPU
		{8C0E564C-703C-405B-955E-F60E76412207}.Debug|Any CPU.Build.0 = Debug|Any CPU
		{8C0E564C-703C-405B-955E-F60E76412207}.Release|Any CPU.ActiveCfg = Release|Any CPU
		{8C0E564C-703C-405B-955E-F60E76412207}.Release|Any CPU.Build.0 = Release|Any CPU
		{6DF34823-5B64-4A89-82C5-1B7179DCD028}.Debug|Any CPU.ActiveCfg = Debug|Any CPU
		{6DF34823-5B64-4A89-82C5-1B7179DCD028}.Debug|Any CPU.Build.0 = Debug|Any CPU
		{6DF34823-5B64-4A89-82C5-1B7179DCD028}.Release|Any CPU.ActiveCfg = Release|Any CPU
		{6DF34823-5B64-4A89-82C5-1B7179DCD028}.Release|Any CPU.Build.0 = Release|Any CPU
		{3F0404C3-5C5A-4206-8BD6-0C5C7FC874F3}.Debug|Any CPU.ActiveCfg = Debug|Any CPU
		{3F0404C3-5C5A-4206-8BD6-0C5C7FC874F3}.Debug|Any CPU.Build.0 = Debug|Any CPU
		{3F0404C3-5C5A-4206-8BD6-0C5C7FC874F3}.Release|Any CPU.ActiveCfg = Release|Any CPU
		{3F0404C3-5C5A-4206-8BD6-0C5C7FC874F3}.Release|Any CPU.Build.0 = Release|Any CPU
	EndGlobalSection
	GlobalSection(SolutionProperties) = preSolution
		HideSolutionNode = FALSE
	EndGlobalSection
	GlobalSection(ExtensibilityGlobals) = postSolution
		SolutionGuid = {A6007043-8E06-4040-8311-AF8C5F2995CE}
	EndGlobalSection
EndGlobal
